
Microsoft Visual Studio Solution File, Format Version 12.00
# Visual Studio Version 17
VisualStudioVersion = 17.13.35931.197 d17.13
MinimumVisualStudioVersion = 10.0.40219.1
Project("{FAE04EC0-301F-11D3-BF4B-00C04F79EFBC}") = "esrakucuk_8tas", "esrakucuk_8tas\esrakucuk_8tas.csproj", "{9CE3B1D9-0892-4EA2-8C5A-DE62CE878595}"
EndProject
Global
	GlobalSection(SolutionConfigurationPlatforms) = preSolution
		Debug|Any CPU = Debug|Any CPU
		Release|Any CPU = Release|Any CPU
	EndGlobalSection
	GlobalSection(ProjectConfigurationPlatforms) = postSolution
		{9CE3B1D9-0892-4EA2-8C5A-DE62CE878595}.Debug|Any CPU.ActiveCfg = Debug|Any CPU
		{9CE3B1D9-0892-4EA2-8C5A-DE62CE878595}.Debug|Any CPU.Build.0 = Debug|Any CPU
		{9CE3B1D9-0892-4EA2-8C5A-DE62CE878595}.Release|Any CPU.ActiveCfg = Release|Any CPU
		{9CE3B1D9-0892-4EA2-8C5A-DE62CE878595}.Release|Any CPU.Build.0 = Release|Any CPU
	EndGlobalSection
	GlobalSection(SolutionProperties) = preSolution
		HideSolutionNode = FALSE
	EndGlobalSection
	GlobalSection(ExtensibilityGlobals) = postSolution
		SolutionGuid = {CE289DD4-A20F-45E2-BF60-788A518AEEE6}
	EndGlobalSection
EndGlobal
